
Microsoft Visual Studio Solution File, Format Version 12.00
# Visual Studio 14
VisualStudioVersion = 14.0.25420.1
MinimumVisualStudioVersion = 10.0.40219.1
Project("{FAE04EC0-301F-11D3-BF4B-00C04F79EFBC}") = "ConsoleApplication1", "ConsoleApplication1\ConsoleApplication1.csproj", "{BB1C2A45-7B0B-4732-9B93-903DC9C3C064}"
EndProject
Global
	GlobalSection(SolutionConfigurationPlatforms) = preSolution
		Debug|Any CPU = Debug|Any CPU
		Release|Any CPU = Release|Any CPU
	EndGlobalSection
	GlobalSection(ProjectConfigurationPlatforms) = postSolution
		{BB1C2A45-7B0B-4732-9B93-903DC9C3C064}.Debug|Any CPU.ActiveCfg = Debug|Any CPU
		{BB1C2A45-7B0B-4732-9B93-903DC9C3C064}.Debug|Any CPU.Build.0 = Debug|Any CPU
		{BB1C2A45-7B0B-4732-9B93-903DC9C3C064}.Release|Any CPU.ActiveCfg = Release|Any CPU
		{BB1C2A45-7B0B-4732-9B93-903DC9C3C064}.Release|Any CPU.Build.0 = Release|Any CPU
	EndGlobalSection
	GlobalSection(SolutionProperties) = preSolution
		HideSolutionNode = FALSE
	EndGlobalSection
EndGlobal
